
Microsoft Visual Studio Solution File, Format Version 12.00
# Visual Studio Version 17
VisualStudioVersion = 17.4.33403.182
MinimumVisualStudioVersion = 10.0.40219.1
Project("{FAE04EC0-301F-11D3-BF4B-00C04F79EFBC}") = "WebApplication2", "WebApplication2.csproj", "{561C247F-B967-4699-B8AA-1A327D9F42D3}"
EndProject
Global
	GlobalSection(SolutionConfigurationPlatforms) = preSolution
		Debug|Any CPU = Debug|Any CPU
		Release|Any CPU = Release|Any CPU
	EndGlobalSection
	GlobalSection(ProjectConfigurationPlatforms) = postSolution
		{561C247F-B967-4699-B8AA-1A327D9F42D3}.Debug|Any CPU.ActiveCfg = Debug|Any CPU
		{561C247F-B967-4699-B8AA-1A327D9F42D3}.Debug|Any CPU.Build.0 = Debug|Any CPU
		{561C247F-B967-4699-B8AA-1A327D9F42D3}.Release|Any CPU.ActiveCfg = Release|Any CPU
		{561C247F-B967-4699-B8AA-1A327D9F42D3}.Release|Any CPU.Build.0 = Release|Any CPU
	EndGlobalSection
	GlobalSection(SolutionProperties) = preSolution
		HideSolutionNode = FALSE
	EndGlobalSection
	GlobalSection(ExtensibilityGlobals) = postSolution
		SolutionGuid = {6AF7FD33-1475-4BD5-B793-7AE51C3F996A}
	EndGlobalSection
EndGlobal
